// !$*UTF8*$!
{
	archiveVersion = 1;
	classes = {
	};
	objectVersion = 55;
	objects = {

/* Begin PBXBuildFile section */
		165378402850102F001C2879 /* CircleImage.swift in Sources */ = {isa = PBXBuildFile; fileRef = 1653783F2850102F001C2879 /* CircleImage.swift */; };
		16537842285011AB001C2879 /* MapView.swift in Sources */ = {isa = PBXBuildFile; fileRef = 16537841285011AB001C2879 /* MapView.swift */; };
		1653784428501CC3001C2879 /* landmarkData.json in Resources */ = {isa = PBXBuildFile; fileRef = 1653784328501CC3001C2879 /* landmarkData.json */; };
		1653784628501CF6001C2879 /* Landmark.swift in Sources */ = {isa = PBXBuildFile; fileRef = 1653784528501CF6001C2879 /* Landmark.swift */; };
		1653784828501F4F001C2879 /* ModelData.swift in Sources */ = {isa = PBXBuildFile; fileRef = 1653784728501F4F001C2879 /* ModelData.swift */; };
		1653784F285024AE001C2879 /* LandmarkList.swift in Sources */ = {isa = PBXBuildFile; fileRef = 1653784E285024AE001C2879 /* LandmarkList.swift */; };
		16537851285025E0001C2879 /* LandmarkDetail.swift in Sources */ = {isa = PBXBuildFile; fileRef = 16537850285025E0001C2879 /* LandmarkDetail.swift */; };
		1653785328505B93001C2879 /* FavoriteButton.swift in Sources */ = {isa = PBXBuildFile; fileRef = 1653785228505B93001C2879 /* FavoriteButton.swift */; };
		1653785728505DD2001C2879 /* LandmarkRow.swift in Sources */ = {isa = PBXBuildFile; fileRef = 1653785628505DD2001C2879 /* LandmarkRow.swift */; };
		16816F21281A01FE00170921 /* LandmarksApp.swift in Sources */ = {isa = PBXBuildFile; fileRef = 16816F20281A01FE00170921 /* LandmarksApp.swift */; };
		16816F23281A01FE00170921 /* ContentView.swift in Sources */ = {isa = PBXBuildFile; fileRef = 16816F22281A01FE00170921 /* ContentView.swift */; };
		16816F25281A01FF00170921 /* Assets.xcassets in Resources */ = {isa = PBXBuildFile; fileRef = 16816F24281A01FF00170921 /* Assets.xcassets */; };
		16816F28281A01FF00170921 /* Preview Assets.xcassets in Resources */ = {isa = PBXBuildFile; fileRef = 16816F27281A01FF00170921 /* Preview Assets.xcassets */; };
/* End PBXBuildFile section */

/* Begin PBXFileReference section */
		1653783F2850102F001C2879 /* CircleImage.swift */ = {isa = PBXFileReference; lastKnownFileType = sourcecode.swift; path = CircleImage.swift; sourceTree = "<group>"; };
		16537841285011AB001C2879 /* MapView.swift */ = {isa = PBXFileReference; lastKnownFileType = sourcecode.swift; path = MapView.swift; sourceTree = "<group>"; };
		1653784328501CC3001C2879 /* landmarkData.json */ = {isa = PBXFileReference; fileEncoding = 4; lastKnownFileType = text.json; path = landmarkData.json; sourceTree = "<group>"; };
		1653784528501CF6001C2879 /* Landmark.swift */ = {isa = PBXFileReference; lastKnownFileType = sourcecode.swift; path = Landmark.swift; sourceTree = "<group>"; };
		1653784728501F4F001C2879 /* ModelData.swift */ = {isa = PBXFileReference; lastKnownFileType = sourcecode.swift; path = ModelData.swift; sourceTree = "<group>"; };
		1653784E285024AE001C2879 /* LandmarkList.swift */ = {isa = PBXFileReference; lastKnownFileType = sourcecode.swift; path = LandmarkList.swift; sourceTree = "<group>"; };
		16537850285025E0001C2879 /* LandmarkDetail.swift */ = {isa = PBXFileReference; lastKnownFileType = sourcecode.swift; path = LandmarkDetail.swift; sourceTree = "<group>"; };
		1653785228505B93001C2879 /* FavoriteButton.swift */ = {isa = PBXFileReference; lastKnownFileType = sourcecode.swift; path = FavoriteButton.swift; sourceTree = "<group>"; };
		1653785628505DD2001C2879 /* LandmarkRow.swift */ = {isa = PBXFileReference; lastKnownFileType = sourcecode.swift; name = LandmarkRow.swift; path = ../../../LandmarkRow.swift; sourceTree = "<group>"; };
		16816F1D281A01FE00170921 /* Landmarks.app */ = {isa = PBXFileReference; explicitFileType = wrapper.application; includeInIndex = 0; path = Landmarks.app; sourceTree = BUILT_PRODUCTS_DIR; };
		16816F20281A01FE00170921 /* LandmarksApp.swift */ = {isa = PBXFileReference; lastKnownFileType = sourcecode.swift; path = LandmarksApp.swift; sourceTree = "<group>"; };
		16816F22281A01FE00170921 /* ContentView.swift */ = {isa = PBXFileReference; lastKnownFileType = sourcecode.swift; path = ContentView.swift; sourceTree = "<group>"; };
		16816F24281A01FF00170921 /* Assets.xcassets */ = {isa = PBXFileReference; lastKnownFileType = folder.assetcatalog; path = Assets.xcassets; sourceTree = "<group>"; };
		16816F27281A01FF00170921 /* Preview Assets.xcassets */ = {isa = PBXFileReference; lastKnownFileType = folder.assetcatalog; path = "Preview Assets.xcassets"; sourceTree = "<group>"; };
/* End PBXFileReference section */

/* Begin PBXFrameworksBuildPhase section */
		16816F1A281A01FE00170921 /* Frameworks */ = {
			isa = PBXFrameworksBuildPhase;
			buildActionMask = 2147483647;
			files = (
			);
			runOnlyForDeploymentPostprocessing = 0;
		};
/* End PBXFrameworksBuildPhase section */

/* Begin PBXGroup section */
		16537849285021DB001C2879 /* Views */ = {
			isa = PBXGroup;
			children = (
				1653785428505CBB001C2879 /* Landmarks */,
				1653785528505CD8001C2879 /* Helpers */,
				1653785228505B93001C2879 /* FavoriteButton.swift */,
			);
			path = Views;
			sourceTree = "<group>";
		};
		1653784A28502211001C2879 /* Model */ = {
			isa = PBXGroup;
			children = (
				1653784528501CF6001C2879 /* Landmark.swift */,
				1653784728501F4F001C2879 /* ModelData.swift */,
			);
			path = Model;
			sourceTree = "<group>";
		};
		1653784B28502255001C2879 /* Resources */ = {
			isa = PBXGroup;
			children = (
				1653784328501CC3001C2879 /* landmarkData.json */,
			);
			path = Resources;
			sourceTree = "<group>";
		};
		1653785428505CBB001C2879 /* Landmarks */ = {
			isa = PBXGroup;
			children = (
				1653785628505DD2001C2879 /* LandmarkRow.swift */,
				1653784E285024AE001C2879 /* LandmarkList.swift */,
				16537850285025E0001C2879 /* LandmarkDetail.swift */,
			);
			path = Landmarks;
			sourceTree = "<group>";
		};
		1653785528505CD8001C2879 /* Helpers */ = {
			isa = PBXGroup;
			children = (
				16816F22281A01FE00170921 /* ContentView.swift */,
				1653783F2850102F001C2879 /* CircleImage.swift */,
				16537841285011AB001C2879 /* MapView.swift */,
			);
			path = Helpers;
			sourceTree = "<group>";
		};
		16816F14281A01FE00170921 = {
			isa = PBXGroup;
			children = (
				16816F1F281A01FE00170921 /* Landmarks */,
				16816F1E281A01FE00170921 /* Products */,
			);
			sourceTree = "<group>";
		};
		16816F1E281A01FE00170921 /* Products */ = {
			isa = PBXGroup;
			children = (
				16816F1D281A01FE00170921 /* Landmarks.app */,
			);
			name = Products;
			sourceTree = "<group>";
		};
		16816F1F281A01FE00170921 /* Landmarks */ = {
			isa = PBXGroup;
			children = (
				16816F20281A01FE00170921 /* LandmarksApp.swift */,
				16537849285021DB001C2879 /* Views */,
				1653784A28502211001C2879 /* Model */,
				1653784B28502255001C2879 /* Resources */,
				16816F24281A01FF00170921 /* Assets.xcassets */,
				16816F26281A01FF00170921 /* Preview Content */,
			);
			path = Landmarks;
			sourceTree = "<group>";
		};
		16816F26281A01FF00170921 /* Preview Content */ = {
			isa = PBXGroup;
			children = (
				16816F27281A01FF00170921 /* Preview Assets.xcassets */,
			);
			path = "Preview Content";
			sourceTree = "<group>";
		};
/* End PBXGroup section */

/* Begin PBXNativeTarget section */
		16816F1C281A01FE00170921 /* Landmarks */ = {
			isa = PBXNativeTarget;
			buildConfigurationList = 16816F2B281A01FF00170921 /* Build configuration list for PBXNativeTarget "Landmarks" */;
			buildPhases = (
				16816F19281A01FE00170921 /* Sources */,
				16816F1A281A01FE00170921 /* Frameworks */,
				16816F1B281A01FE00170921 /* Resources */,
			);
			buildRules = (
			);
			dependencies = (
			);
			name = Landmarks;
			productName = Landmarks;
			productReference = 16816F1D281A01FE00170921 /* Landmarks.app */;
			productType = "com.apple.product-type.application";
		};
/* End PBXNativeTarget section */

/* Begin PBXProject section */
		16816F15281A01FE00170921 /* Project object */ = {
			isa = PBXProject;
			attributes = {
				BuildIndependentTargetsInParallel = 1;
				LastSwiftUpdateCheck = 1330;
				LastUpgradeCheck = 1330;
				TargetAttributes = {
					16816F1C281A01FE00170921 = {
						CreatedOnToolsVersion = 13.3.1;
					};
				};
			};
			buildConfigurationList = 16816F18281A01FE00170921 /* Build configuration list for PBXProject "Landmarks" */;
			compatibilityVersion = "Xcode 13.0";
			developmentRegion = en;
			hasScannedForEncodings = 0;
			knownRegions = (
				en,
				Base,
			);
			mainGroup = 16816F14281A01FE00170921;
			productRefGroup = 16816F1E281A01FE00170921 /* Products */;
			projectDirPath = "";
			projectRoot = "";
			targets = (
				16816F1C281A01FE00170921 /* Landmarks */,
			);
		};
/* End PBXProject section */

/* Begin PBXResourcesBuildPhase section */
		16816F1B281A01FE00170921 /* Resources */ = {
			isa = PBXResourcesBuildPhase;
			buildActionMask = 2147483647;
			files = (
				16816F28281A01FF00170921 /* Preview Assets.xcassets in Resources */,
				16816F25281A01FF00170921 /* Assets.xcassets in Resources */,
				1653784428501CC3001C2879 /* landmarkData.json in Resources */,
			);
			runOnlyForDeploymentPostprocessing = 0;
		};
/* End PBXResourcesBuildPhase section */

/* Begin PBXSourcesBuildPhase section */
		16816F19281A01FE00170921 /* Sources */ = {
			isa = PBXSourcesBuildPhase;
			buildActionMask = 2147483647;
			files = (
				16816F23281A01FE00170921 /* ContentView.swift in Sources */,
				16537842285011AB001C2879 /* MapView.swift in Sources */,
				16816F21281A01FE00170921 /* LandmarksApp.swift in Sources */,
				1653785328505B93001C2879 /* FavoriteButton.swift in Sources */,
				1653784F285024AE001C2879 /* LandmarkList.swift in Sources */,
				16537851285025E0001C2879 /* LandmarkDetail.swift in Sources */,
				165378402850102F001C2879 /* CircleImage.swift in Sources */,
				1653784628501CF6001C2879 /* Landmark.swift in Sources */,
				1653785728505DD2001C2879 /* LandmarkRow.swift in Sources */,
				1653784828501F4F001C2879 /* ModelData.swift in Sources */,
			);
			runOnlyForDeploymentPostprocessing = 0;
		};
/* End PBXSourcesBuildPhase section */

/* Begin XCBuildConfiguration section */
		16816F29281A01FF00170921 /* Debug */ = {
			isa = XCBuildConfiguration;
			buildSettings = {
				ALWAYS_SEARCH_USER_PATHS = NO;
				CLANG_ANALYZER_NONNULL = YES;
				CLANG_ANALYZER_NUMBER_OBJECT_CONVERSION = YES_AGGRESSIVE;
				CLANG_CXX_LANGUAGE_STANDARD = "gnu++17";
				CLANG_ENABLE_MODULES = YES;
				CLANG_ENABLE_OBJC_ARC = YES;
				CLANG_ENABLE_OBJC_WEAK = YES;
				CLANG_WARN_BLOCK_CAPTURE_AUTORELEASING = YES;
				CLANG_WARN_BOOL_CONVERSION = YES;
				CLANG_WARN_COMMA = YES;
				CLANG_WARN_CONSTANT_CONVERSION = YES;
				CLANG_WARN_DEPRECATED_OBJC_IMPLEMENTATIONS = YES;
				CLANG_WARN_DIRECT_OBJC_ISA_USAGE = YES_ERROR;
				CLANG_WARN_DOCUMENTATION_COMMENTS = YES;
				CLANG_WARN_EMPTY_BODY = YES;
				CLANG_WARN_ENUM_CONVERSION = YES;
				CLANG_WARN_INFINITE_RECURSION = YES;
				CLANG_WARN_INT_CONVERSION = YES;
				CLANG_WARN_NON_LITERAL_NULL_CONVERSION = YES;
				CLANG_WARN_OBJC_IMPLICIT_RETAIN_SELF = YES;
				CLANG_WARN_OBJC_LITERAL_CONVERSION = YES;
				CLANG_WARN_OBJC_ROOT_CLASS = YES_ERROR;
				CLANG_WARN_QUOTED_INCLUDE_IN_FRAMEWORK_HEADER = YES;
				CLANG_WARN_RANGE_LOOP_ANALYSIS = YES;
				CLANG_WARN_STRICT_PROTOTYPES = YES;
				CLANG_WARN_SUSPICIOUS_MOVE = YES;
				CLANG_WARN_UNGUARDED_AVAILABILITY = YES_AGGRESSIVE;
				CLANG_WARN_UNREACHABLE_CODE = YES;
				CLANG_WARN__DUPLICATE_METHOD_MATCH = YES;
				COPY_PHASE_STRIP = NO;
				DEBUG_INFORMATION_FORMAT = dwarf;
				ENABLE_STRICT_OBJC_MSGSEND = YES;
				ENABLE_TESTABILITY = YES;
				GCC_C_LANGUAGE_STANDARD = gnu11;
				GCC_DYNAMIC_NO_PIC = NO;
				GCC_NO_COMMON_BLOCKS = YES;
				GCC_OPTIMIZATION_LEVEL = 0;
				GCC_PREPROCESSOR_DEFINITIONS = (
					"DEBUG=1",
					"$(inherited)",
				);
				GCC_WARN_64_TO_32_BIT_CONVERSION = YES;
				GCC_WARN_ABOUT_RETURN_TYPE = YES_ERROR;
				GCC_WARN_UNDECLARED_SELECTOR = YES;
				GCC_WARN_UNINITIALIZED_AUTOS = YES_AGGRESSIVE;
				GCC_WARN_UNUSED_FUNCTION = YES;
				GCC_WARN_UNUSED_VARIABLE = YES;
				IPHONEOS_DEPLOYMENT_TARGET = 15.4;
				MTL_ENABLE_DEBUG_INFO = INCLUDE_SOURCE;
				MTL_FAST_MATH = YES;
				ONLY_ACTIVE_ARCH = YES;
				SDKROOT = iphoneos;
				SWIFT_ACTIVE_COMPILATION_CONDITIONS = DEBUG;
				SWIFT_OPTIMIZATION_LEVEL = "-Onone";
			};
			name = Debug;
		};
		16816F2A281A01FF00170921 /* Release */ = {
			isa = XCBuildConfiguration;
			buildSettings = {
				ALWAYS_SEARCH_USER_PATHS = NO;
				CLANG_ANALYZER_NONNULL = YES;
				CLANG_ANALYZER_NUMBER_OBJECT_CONVERSION = YES_AGGRESSIVE;
				CLANG_CXX_LANGUAGE_STANDARD = "gnu++17";
				CLANG_ENABLE_MODULES = YES;
				CLANG_ENABLE_OBJC_ARC = YES;
				CLANG_ENABLE_OBJC_WEAK = YES;
				CLANG_WARN_BLOCK_CAPTURE_AUTORELEASING = YES;
				CLANG_WARN_BOOL_CONVERSION = YES;
				CLANG_WARN_COMMA = YES;
				CLANG_WARN_CONSTANT_CONVERSION = YES;
				CLANG_WARN_DEPRECATED_OBJC_IMPLEMENTATIONS = YES;
				CLANG_WARN_DIRECT_OBJC_ISA_USAGE = YES_ERROR;
				CLANG_WARN_DOCUMENTATION_COMMENTS = YES;
				CLANG_WARN_EMPTY_BODY = YES;
				CLANG_WARN_ENUM_CONVERSION = YES;
				CLANG_WARN_INFINITE_RECURSION = YES;
				CLANG_WARN_INT_CONVERSION = YES;
				CLANG_WARN_NON_LITERAL_NULL_CONVERSION = YES;
				CLANG_WARN_OBJC_IMPLICIT_RETAIN_SELF = YES;
				CLANG_WARN_OBJC_LITERAL_CONVERSION = YES;
				CLANG_WARN_OBJC_ROOT_CLASS = YES_ERROR;
				CLANG_WARN_QUOTED_INCLUDE_IN_FRAMEWORK_HEADER = YES;
				CLANG_WARN_RANGE_LOOP_ANALYSIS = YES;
				CLANG_WARN_STRICT_PROTOTYPES = YES;
				CLANG_WARN_SUSPICIOUS_MOVE = YES;
				CLANG_WARN_UNGUARDED_AVAILABILITY = YES_AGGRESSIVE;
				CLANG_WARN_UNREACHABLE_CODE = YES;
				CLANG_WARN__DUPLICATE_METHOD_MATCH = YES;
				COPY_PHASE_STRIP = NO;
				DEBUG_INFORMATION_FORMAT = "dwarf-with-dsym";
				ENABLE_NS_ASSERTIONS = NO;
				ENABLE_STRICT_OBJC_MSGSEND = YES;
				GCC_C_LANGUAGE_STANDARD = gnu11;
				GCC_NO_COMMON_BLOCKS = YES;
				GCC_WARN_64_TO_32_BIT_CONVERSION = YES;
				GCC_WARN_ABOUT_RETURN_TYPE = YES_ERROR;
				GCC_WARN_UNDECLARED_SELECTOR = YES;
				GCC_WARN_UNINITIALIZED_AUTOS = YES_AGGRESSIVE;
				GCC_WARN_UNUSED_FUNCTION = YES;
				GCC_WARN_UNUSED_VARIABLE = YES;
				IPHONEOS_DEPLOYMENT_TARGET = 15.4;
				MTL_ENABLE_DEBUG_INFO = NO;
				MTL_FAST_MATH = YES;
				SDKROOT = iphoneos;
				SWIFT_COMPILATION_MODE = wholemodule;
				SWIFT_OPTIMIZATION_LEVEL = "-O";
				VALIDATE_PRODUCT = YES;
			};
			name = Release;
		};
		16816F2C281A01FF00170921 /* Debug */ = {
			isa = XCBuildConfiguration;
			buildSettings = {
				ASSETCATALOG_COMPILER_APPICON_NAME = AppIcon;
				ASSETCATALOG_COMPILER_GLOBAL_ACCENT_COLOR_NAME = AccentColor;
				CODE_SIGN_STYLE = Automatic;
				CURRENT_PROJECT_VERSION = 1;
				DEVELOPMENT_ASSET_PATHS = "\"Landmarks/Preview Content\"";
				DEVELOPMENT_TEAM = U8D2P38Q8J;
				ENABLE_PREVIEWS = YES;
				GENERATE_INFOPLIST_FILE = YES;
				INFOPLIST_KEY_UIApplicationSceneManifest_Generation = YES;
				INFOPLIST_KEY_UIApplicationSupportsIndirectInputEvents = YES;
				INFOPLIST_KEY_UILaunchScreen_Generation = YES;
				INFOPLIST_KEY_UISupportedInterfaceOrientations_iPad = "UIInterfaceOrientationPortrait UIInterfaceOrientationPortraitUpsideDown UIInterfaceOrientationLandscapeLeft UIInterfaceOrientationLandscapeRight";
				INFOPLIST_KEY_UISupportedInterfaceOrientations_iPhone = "UIInterfaceOrientationPortrait UIInterfaceOrientationLandscapeLeft UIInterfaceOrientationLandscapeRight";
				LD_RUNPATH_SEARCH_PATHS = (
					"$(inherited)",
					"@executable_path/Frameworks",
				);
				MARKETING_VERSION = 1.0;
				PRODUCT_BUNDLE_IDENTIFIER = filipe.Landmarks;
				PRODUCT_NAME = "$(TARGET_NAME)";
				SWIFT_EMIT_LOC_STRINGS = YES;
				SWIFT_VERSION = 5.0;
				TARGETED_DEVICE_FAMILY = "1,2";
			};
			name = Debug;
		};
		16816F2D281A01FF00170921 /* Release */ = {
			isa = XCBuildConfiguration;
			buildSettings = {
				ASSETCATALOG_COMPILER_APPICON_NAME = AppIcon;
				ASSETCATALOG_COMPILER_GLOBAL_ACCENT_COLOR_NAME = AccentColor;
				CODE_SIGN_STYLE = Automatic;
				CURRENT_PROJECT_VERSION = 1;
				DEVELOPMENT_ASSET_PATHS = "\"Landmarks/Preview Content\"";
				DEVELOPMENT_TEAM = U8D2P38Q8J;
				ENABLE_PREVIEWS = YES;
				GENERATE_INFOPLIST_FILE = YES;
				INFOPLIST_KEY_UIApplicationSceneManifest_Generation = YES;
				INFOPLIST_KEY_UIApplicationSupportsIndirectInputEvents = YES;
				INFOPLIST_KEY_UILaunchScreen_Generation = YES;
				INFOPLIST_KEY_UISupportedInterfaceOrientations_iPad = "UIInterfaceOrientationPortrait UIInterfaceOrientationPortraitUpsideDown UIInterfaceOrientationLandscapeLeft UIInterfaceOrientationLandscapeRight";
				INFOPLIST_KEY_UISupportedInterfaceOrientations_iPhone = "UIInterfaceOrientationPortrait UIInterfaceOrientationLandscapeLeft UIInterfaceOrientationLandscapeRight";
				LD_RUNPATH_SEARCH_PATHS = (
					"$(inherited)",
					"@executable_path/Frameworks",
				);
				MARKETING_VERSION = 1.0;
				PRODUCT_BUNDLE_IDENTIFIER = filipe.Landmarks;
				PRODUCT_NAME = "$(TARGET_NAME)";
				SWIFT_EMIT_LOC_STRINGS = YES;
				SWIFT_VERSION = 5.0;
				TARGETED_DEVICE_FAMILY = "1,2";
			};
			name = Release;
		};
/* End XCBuildConfiguration section */

/* Begin XCConfigurationList section */
		16816F18281A01FE00170921 /* Build configuration list for PBXProject "Landmarks" */ = {
			isa = XCConfigurationList;
			buildConfigurations = (
				16816F29281A01FF00170921 /* Debug */,
				16816F2A281A01FF00170921 /* Release */,
			);
			defaultConfigurationIsVisible = 0;
			defaultConfigurationName = Release;
		};
		16816F2B281A01FF00170921 /* Build configuration list for PBXNativeTarget "Landmarks" */ = {
			isa = XCConfigurationList;
			buildConfigurations = (
				16816F2C281A01FF00170921 /* Debug */,
				16816F2D281A01FF00170921 /* Release */,
			);
			defaultConfigurationIsVisible = 0;
			defaultConfigurationName = Release;
		};
/* End XCConfigurationList section */
	};
	rootObject = 16816F15281A01FE00170921 /* Project object */;
}
